
Microsoft Visual Studio Solution File, Format Version 12.00
# Visual Studio Version 16
VisualStudioVersion = 16.0.31702.278
MinimumVisualStudioVersion = 10.0.40219.1
Project("{FAE04EC0-301F-11D3-BF4B-00C04F79EFBC}") = "HW1WpfApp", "HW1WpfApp\HW1WpfApp.csproj", "{74C169B3-E220-49D9-A9CB-E3CCC8043349}"
EndProject
Global
	GlobalSection(SolutionConfigurationPlatforms) = preSolution
		Debug|Any CPU = Debug|Any CPU
		Release|Any CPU = Release|Any CPU
	EndGlobalSection
	GlobalSection(ProjectConfigurationPlatforms) = postSolution
		{74C169B3-E220-49D9-A9CB-E3CCC8043349}.Debug|Any CPU.ActiveCfg = Debug|Any CPU
		{74C169B3-E220-49D9-A9CB-E3CCC8043349}.Debug|Any CPU.Build.0 = Debug|Any CPU
		{74C169B3-E220-49D9-A9CB-E3CCC8043349}.Release|Any CPU.ActiveCfg = Release|Any CPU
		{74C169B3-E220-49D9-A9CB-E3CCC8043349}.Release|Any CPU.Build.0 = Release|Any CPU
	EndGlobalSection
	GlobalSection(SolutionProperties) = preSolution
		HideSolutionNode = FALSE
	EndGlobalSection
	GlobalSection(ExtensibilityGlobals) = postSolution
		SolutionGuid = {25DA93DF-B5CE-4365-8947-FB9C565A2BCF}
	EndGlobalSection
EndGlobal
